// !$*UTF8*$!
{
	archiveVersion = 1;
	classes = {
	};
	objectVersion = 55;
	objects = {

/* Begin PBXBuildFile section */
		1CC5D63127E26CA10023E526 /* AppDelegate.swift in Sources */ = {isa = PBXBuildFile; fileRef = 1CC5D63027E26CA10023E526 /* AppDelegate.swift */; };
		1CC5D63327E26CA10023E526 /* ViewController.swift in Sources */ = {isa = PBXBuildFile; fileRef = 1CC5D63227E26CA10023E526 /* ViewController.swift */; };
		1CC5D63627E26CA10023E526 /* ZiPhone.xcdatamodeld in Sources */ = {isa = PBXBuildFile; fileRef = 1CC5D63427E26CA10023E526 /* ZiPhone.xcdatamodeld */; };
		1CC5D63827E26CA30023E526 /* Assets.xcassets in Resources */ = {isa = PBXBuildFile; fileRef = 1CC5D63727E26CA30023E526 /* Assets.xcassets */; };
		1CC5D63B27E26CA30023E526 /* Main.storyboard in Resources */ = {isa = PBXBuildFile; fileRef = 1CC5D63927E26CA30023E526 /* Main.storyboard */; };
		1CC5D64627E26CA30023E526 /* ZiPhoneTests.swift in Sources */ = {isa = PBXBuildFile; fileRef = 1CC5D64527E26CA30023E526 /* ZiPhoneTests.swift */; };
		1CC5D65027E26CA40023E526 /* ZiPhoneUITests.swift in Sources */ = {isa = PBXBuildFile; fileRef = 1CC5D64F27E26CA40023E526 /* ZiPhoneUITests.swift */; };
		1CC5D65227E26CA40023E526 /* ZiPhoneUITestsLaunchTests.swift in Sources */ = {isa = PBXBuildFile; fileRef = 1CC5D65127E26CA40023E526 /* ZiPhoneUITestsLaunchTests.swift */; };
/* End PBXBuildFile section */

/* Begin PBXContainerItemProxy section */
		1CC5D64227E26CA30023E526 /* PBXContainerItemProxy */ = {
			isa = PBXContainerItemProxy;
			containerPortal = 1CC5D62527E26CA10023E526 /* Project object */;
			proxyType = 1;
			remoteGlobalIDString = 1CC5D62C27E26CA10023E526;
			remoteInfo = ZiPhone;
		};
		1CC5D64C27E26CA40023E526 /* PBXContainerItemProxy */ = {
			isa = PBXContainerItemProxy;
			containerPortal = 1CC5D62527E26CA10023E526 /* Project object */;
			proxyType = 1;
			remoteGlobalIDString = 1CC5D62C27E26CA10023E526;
			remoteInfo = ZiPhone;
		};
/* End PBXContainerItemProxy section */

/* Begin PBXFileReference section */
		1CC5D62D27E26CA10023E526 /* ZiPhone.app */ = {isa = PBXFileReference; explicitFileType = wrapper.application; includeInIndex = 0; path = ZiPhone.app; sourceTree = BUILT_PRODUCTS_DIR; };
		1CC5D63027E26CA10023E526 /* AppDelegate.swift */ = {isa = PBXFileReference; lastKnownFileType = sourcecode.swift; path = AppDelegate.swift; sourceTree = "<group>"; };
		1CC5D63227E26CA10023E526 /* ViewController.swift */ = {isa = PBXFileReference; lastKnownFileType = sourcecode.swift; path = ViewController.swift; sourceTree = "<group>"; };
		1CC5D63527E26CA10023E526 /* ZiPhone.xcdatamodel */ = {isa = PBXFileReference; lastKnownFileType = wrapper.xcdatamodel; path = ZiPhone.xcdatamodel; sourceTree = "<group>"; };
		1CC5D63727E26CA30023E526 /* Assets.xcassets */ = {isa = PBXFileReference; lastKnownFileType = folder.assetcatalog; path = Assets.xcassets; sourceTree = "<group>"; };
		1CC5D63A27E26CA30023E526 /* Base */ = {isa = PBXFileReference; lastKnownFileType = file.storyboard; name = Base; path = Base.lproj/Main.storyboard; sourceTree = "<group>"; };
		1CC5D63C27E26CA30023E526 /* ZiPhone.entitlements */ = {isa = PBXFileReference; lastKnownFileType = text.plist.entitlements; path = ZiPhone.entitlements; sourceTree = "<group>"; };
		1CC5D64127E26CA30023E526 /* ZiPhoneTests.xctest */ = {isa = PBXFileReference; explicitFileType = wrapper.cfbundle; includeInIndex = 0; path = ZiPhoneTests.xctest; sourceTree = BUILT_PRODUCTS_DIR; };
		1CC5D64527E26CA30023E526 /* ZiPhoneTests.swift */ = {isa = PBXFileReference; lastKnownFileType = sourcecode.swift; path = ZiPhoneTests.swift; sourceTree = "<group>"; };
		1CC5D64B27E26CA40023E526 /* ZiPhoneUITests.xctest */ = {isa = PBXFileReference; explicitFileType = wrapper.cfbundle; includeInIndex = 0; path = ZiPhoneUITests.xctest; sourceTree = BUILT_PRODUCTS_DIR; };
		1CC5D64F27E26CA40023E526 /* ZiPhoneUITests.swift */ = {isa = PBXFileReference; lastKnownFileType = sourcecode.swift; path = ZiPhoneUITests.swift; sourceTree = "<group>"; };
		1CC5D65127E26CA40023E526 /* ZiPhoneUITestsLaunchTests.swift */ = {isa = PBXFileReference; lastKnownFileType = sourcecode.swift; path = ZiPhoneUITestsLaunchTests.swift; sourceTree = "<group>"; };
/* End PBXFileReference section */

/* Begin PBXFrameworksBuildPhase section */
		1CC5D62A27E26CA10023E526 /* Frameworks */ = {
			isa = PBXFrameworksBuildPhase;
			buildActionMask = 2147483647;
			files = (
			);
			runOnlyForDeploymentPostprocessing = 0;
		};
		1CC5D63E27E26CA30023E526 /* Frameworks */ = {
			isa = PBXFrameworksBuildPhase;
			buildActionMask = 2147483647;
			files = (
			);
			runOnlyForDeploymentPostprocessing = 0;
		};
		1CC5D64827E26CA40023E526 /* Frameworks */ = {
			isa = PBXFrameworksBuildPhase;
			buildActionMask = 2147483647;
			files = (
			);
			runOnlyForDeploymentPostprocessing = 0;
		};
/* End PBXFrameworksBuildPhase section */

/* Begin PBXGroup section */
		1CC5D62427E26CA10023E526 = {
			isa = PBXGroup;
			children = (
				1CC5D62F27E26CA10023E526 /* ZiPhone */,
				1CC5D64427E26CA30023E526 /* ZiPhoneTests */,
				1CC5D64E27E26CA40023E526 /* ZiPhoneUITests */,
				1CC5D62E27E26CA10023E526 /* Products */,
			);
			sourceTree = "<group>";
		};
		1CC5D62E27E26CA10023E526 /* Products */ = {
			isa = PBXGroup;
			children = (
				1CC5D62D27E26CA10023E526 /* ZiPhone.app */,
				1CC5D64127E26CA30023E526 /* ZiPhoneTests.xctest */,
				1CC5D64B27E26CA40023E526 /* ZiPhoneUITests.xctest */,
			);
			name = Products;
			sourceTree = "<group>";
		};
		1CC5D62F27E26CA10023E526 /* ZiPhone */ = {
			isa = PBXGroup;
			children = (
				1CC5D63027E26CA10023E526 /* AppDelegate.swift */,
				1CC5D63227E26CA10023E526 /* ViewController.swift */,
				1CC5D63727E26CA30023E526 /* Assets.xcassets */,
				1CC5D63927E26CA30023E526 /* Main.storyboard */,
				1CC5D63C27E26CA30023E526 /* ZiPhone.entitlements */,
				1CC5D63427E26CA10023E526 /* ZiPhone.xcdatamodeld */,
			);
			path = ZiPhone;
			sourceTree = "<group>";
		};
		1CC5D64427E26CA30023E526 /* ZiPhoneTests */ = {
			isa = PBXGroup;
			children = (
				1CC5D64527E26CA30023E526 /* ZiPhoneTests.swift */,
			);
			path = ZiPhoneTests;
			sourceTree = "<group>";
		};
		1CC5D64E27E26CA40023E526 /* ZiPhoneUITests */ = {
			isa = PBXGroup;
			children = (
				1CC5D64F27E26CA40023E526 /* ZiPhoneUITests.swift */,
				1CC5D65127E26CA40023E526 /* ZiPhoneUITestsLaunchTests.swift */,
			);
			path = ZiPhoneUITests;
			sourceTree = "<group>";
		};
/* End PBXGroup section */

/* Begin PBXNativeTarget section */
		1CC5D62C27E26CA10023E526 /* ZiPhone */ = {
			isa = PBXNativeTarget;
			buildConfigurationList = 1CC5D65527E26CA40023E526 /* Build configuration list for PBXNativeTarget "ZiPhone" */;
			buildPhases = (
				1CC5D62927E26CA10023E526 /* Sources */,
				1CC5D62A27E26CA10023E526 /* Frameworks */,
				1CC5D62B27E26CA10023E526 /* Resources */,
			);
			buildRules = (
			);
			dependencies = (
			);
			name = ZiPhone;
			productName = ZiPhone;
			productReference = 1CC5D62D27E26CA10023E526 /* ZiPhone.app */;
			productType = "com.apple.product-type.application";
		};
		1CC5D64027E26CA30023E526 /* ZiPhoneTests */ = {
			isa = PBXNativeTarget;
			buildConfigurationList = 1CC5D65827E26CA40023E526 /* Build configuration list for PBXNativeTarget "ZiPhoneTests" */;
			buildPhases = (
				1CC5D63D27E26CA30023E526 /* Sources */,
				1CC5D63E27E26CA30023E526 /* Frameworks */,
				1CC5D63F27E26CA30023E526 /* Resources */,
			);
			buildRules = (
			);
			dependencies = (
				1CC5D64327E26CA30023E526 /* PBXTargetDependency */,
			);
			name = ZiPhoneTests;
			productName = ZiPhoneTests;
			productReference = 1CC5D64127E26CA30023E526 /* ZiPhoneTests.xctest */;
			productType = "com.apple.product-type.bundle.unit-test";
		};
		1CC5D64A27E26CA40023E526 /* ZiPhoneUITests */ = {
			isa = PBXNativeTarget;
			buildConfigurationList = 1CC5D65B27E26CA40023E526 /* Build configuration list for PBXNativeTarget "ZiPhoneUITests" */;
			buildPhases = (
				1CC5D64727E26CA40023E526 /* Sources */,
				1CC5D64827E26CA40023E526 /* Frameworks */,
				1CC5D64927E26CA40023E526 /* Resources */,
			);
			buildRules = (
			);
			dependencies = (
				1CC5D64D27E26CA40023E526 /* PBXTargetDependency */,
			);
			name = ZiPhoneUITests;
			productName = ZiPhoneUITests;
			productReference = 1CC5D64B27E26CA40023E526 /* ZiPhoneUITests.xctest */;
			productType = "com.apple.product-type.bundle.ui-testing";
		};
/* End PBXNativeTarget section */

/* Begin PBXProject section */
		1CC5D62527E26CA10023E526 /* Project object */ = {
			isa = PBXProject;
			attributes = {
				BuildIndependentTargetsInParallel = 1;
				LastSwiftUpdateCheck = 1320;
				LastUpgradeCheck = 1320;
				TargetAttributes = {
					1CC5D62C27E26CA10023E526 = {
						CreatedOnToolsVersion = 13.2.1;
					};
					1CC5D64027E26CA30023E526 = {
						CreatedOnToolsVersion = 13.2.1;
						TestTargetID = 1CC5D62C27E26CA10023E526;
					};
					1CC5D64A27E26CA40023E526 = {
						CreatedOnToolsVersion = 13.2.1;
						TestTargetID = 1CC5D62C27E26CA10023E526;
					};
				};
			};
			buildConfigurationList = 1CC5D62827E26CA10023E526 /* Build configuration list for PBXProject "ZiPhone" */;
			compatibilityVersion = "Xcode 13.0";
			developmentRegion = en;
			hasScannedForEncodings = 0;
			knownRegions = (
				en,
				Base,
			);
			mainGroup = 1CC5D62427E26CA10023E526;
			productRefGroup = 1CC5D62E27E26CA10023E526 /* Products */;
			projectDirPath = "";
			projectRoot = "";
			targets = (
				1CC5D62C27E26CA10023E526 /* ZiPhone */,
				1CC5D64027E26CA30023E526 /* ZiPhoneTests */,
				1CC5D64A27E26CA40023E526 /* ZiPhoneUITests */,
			);
		};
/* End PBXProject section */

/* Begin PBXResourcesBuildPhase section */
		1CC5D62B27E26CA10023E526 /* Resources */ = {
			isa = PBXResourcesBuildPhase;
			buildActionMask = 2147483647;
			files = (
				1CC5D63827E26CA30023E526 /* Assets.xcassets in Resources */,
				1CC5D63B27E26CA30023E526 /* Main.storyboard in Resources */,
			);
			runOnlyForDeploymentPostprocessing = 0;
		};
		1CC5D63F27E26CA30023E526 /* Resources */ = {
			isa = PBXResourcesBuildPhase;
			buildActionMask = 2147483647;
			files = (
			);
			runOnlyForDeploymentPostprocessing = 0;
		};
		1CC5D64927E26CA40023E526 /* Resources */ = {
			isa = PBXResourcesBuildPhase;
			buildActionMask = 2147483647;
			files = (
			);
			runOnlyForDeploymentPostprocessing = 0;
		};
/* End PBXResourcesBuildPhase section */

/* Begin PBXSourcesBuildPhase section */
		1CC5D62927E26CA10023E526 /* Sources */ = {
			isa = PBXSourcesBuildPhase;
			buildActionMask = 2147483647;
			files = (
				1CC5D63627E26CA10023E526 /* ZiPhone.xcdatamodeld in Sources */,
				1CC5D63327E26CA10023E526 /* ViewController.swift in Sources */,
				1CC5D63127E26CA10023E526 /* AppDelegate.swift in Sources */,
			);
			runOnlyForDeploymentPostprocessing = 0;
		};
		1CC5D63D27E26CA30023E526 /* Sources */ = {
			isa = PBXSourcesBuildPhase;
			buildActionMask = 2147483647;
			files = (
				1CC5D64627E26CA30023E526 /* ZiPhoneTests.swift in Sources */,
			);
			runOnlyForDeploymentPostprocessing = 0;
		};
		1CC5D64727E26CA40023E526 /* Sources */ = {
			isa = PBXSourcesBuildPhase;
			buildActionMask = 2147483647;
			files = (
				1CC5D65227E26CA40023E526 /* ZiPhoneUITestsLaunchTests.swift in Sources */,
				1CC5D65027E26CA40023E526 /* ZiPhoneUITests.swift in Sources */,
			);
			runOnlyForDeploymentPostprocessing = 0;
		};
/* End PBXSourcesBuildPhase section */

/* Begin PBXTargetDependency section */
		1CC5D64327E26CA30023E526 /* PBXTargetDependency */ = {
			isa = PBXTargetDependency;
			target = 1CC5D62C27E26CA10023E526 /* ZiPhone */;
			targetProxy = 1CC5D64227E26CA30023E526 /* PBXContainerItemProxy */;
		};
		1CC5D64D27E26CA40023E526 /* PBXTargetDependency */ = {
			isa = PBXTargetDependency;
			target = 1CC5D62C27E26CA10023E526 /* ZiPhone */;
			targetProxy = 1CC5D64C27E26CA40023E526 /* PBXContainerItemProxy */;
		};
/* End PBXTargetDependency section */

/* Begin PBXVariantGroup section */
		1CC5D63927E26CA30023E526 /* Main.storyboard */ = {
			isa = PBXVariantGroup;
			children = (
				1CC5D63A27E26CA30023E526 /* Base */,
			);
			name = Main.storyboard;
			sourceTree = "<group>";
		};
/* End PBXVariantGroup section */

/* Begin XCBuildConfiguration section */
		1CC5D65327E26CA40023E526 /* Debug */ = {
			isa = XCBuildConfiguration;
			buildSettings = {
				ALWAYS_SEARCH_USER_PATHS = NO;
				CLANG_ANALYZER_NONNULL = YES;
				CLANG_ANALYZER_NUMBER_OBJECT_CONVERSION = YES_AGGRESSIVE;
				CLANG_CXX_LANGUAGE_STANDARD = "gnu++17";
				CLANG_CXX_LIBRARY = "libc++";
				CLANG_ENABLE_MODULES = YES;
				CLANG_ENABLE_OBJC_ARC = YES;
				CLANG_ENABLE_OBJC_WEAK = YES;
				CLANG_WARN_BLOCK_CAPTURE_AUTORELEASING = YES;
				CLANG_WARN_BOOL_CONVERSION = YES;
				CLANG_WARN_COMMA = YES;
				CLANG_WARN_CONSTANT_CONVERSION = YES;
				CLANG_WARN_DEPRECATED_OBJC_IMPLEMENTATIONS = YES;
				CLANG_WARN_DIRECT_OBJC_ISA_USAGE = YES_ERROR;
				CLANG_WARN_DOCUMENTATION_COMMENTS = YES;
				CLANG_WARN_EMPTY_BODY = YES;
				CLANG_WARN_ENUM_CONVERSION = YES;
				CLANG_WARN_INFINITE_RECURSION = YES;
				CLANG_WARN_INT_CONVERSION = YES;
				CLANG_WARN_NON_LITERAL_NULL_CONVERSION = YES;
				CLANG_WARN_OBJC_IMPLICIT_RETAIN_SELF = YES;
				CLANG_WARN_OBJC_LITERAL_CONVERSION = YES;
				CLANG_WARN_OBJC_ROOT_CLASS = YES_ERROR;
				CLANG_WARN_QUOTED_INCLUDE_IN_FRAMEWORK_HEADER = YES;
				CLANG_WARN_RANGE_LOOP_ANALYSIS = YES;
				CLANG_WARN_STRICT_PROTOTYPES = YES;
				CLANG_WARN_SUSPICIOUS_MOVE = YES;
				CLANG_WARN_UNGUARDED_AVAILABILITY = YES_AGGRESSIVE;
				CLANG_WARN_UNREACHABLE_CODE = YES;
				CLANG_WARN__DUPLICATE_METHOD_MATCH = YES;
				COPY_PHASE_STRIP = NO;
				DEBUG_INFORMATION_FORMAT = dwarf;
				ENABLE_STRICT_OBJC_MSGSEND = YES;
				ENABLE_TESTABILITY = YES;
				GCC_C_LANGUAGE_STANDARD = gnu11;
				GCC_DYNAMIC_NO_PIC = NO;
				GCC_NO_COMMON_BLOCKS = YES;
				GCC_OPTIMIZATION_LEVEL = 0;
				GCC_PREPROCESSOR_DEFINITIONS = (
					"DEBUG=1",
					"$(inherited)",
				);
				GCC_WARN_64_TO_32_BIT_CONVERSION = YES;
				GCC_WARN_ABOUT_RETURN_TYPE = YES_ERROR;
				GCC_WARN_UNDECLARED_SELECTOR = YES;
				GCC_WARN_UNINITIALIZED_AUTOS = YES_AGGRESSIVE;
				GCC_WARN_UNUSED_FUNCTION = YES;
				GCC_WARN_UNUSED_VARIABLE = YES;
				MACOSX_DEPLOYMENT_TARGET = 12.1;
				MTL_ENABLE_DEBUG_INFO = INCLUDE_SOURCE;
				MTL_FAST_MATH = YES;
				ONLY_ACTIVE_ARCH = YES;
				SDKROOT = macosx;
				SWIFT_ACTIVE_COMPILATION_CONDITIONS = DEBUG;
				SWIFT_OPTIMIZATION_LEVEL = "-Onone";
			};
			name = Debug;
		};
		1CC5D65427E26CA40023E526 /* Release */ = {
			isa = XCBuildConfiguration;
			buildSettings = {
				ALWAYS_SEARCH_USER_PATHS = NO;
				CLANG_ANALYZER_NONNULL = YES;
				CLANG_ANALYZER_NUMBER_OBJECT_CONVERSION = YES_AGGRESSIVE;
				CLANG_CXX_LANGUAGE_STANDARD = "gnu++17";
				CLANG_CXX_LIBRARY = "libc++";
				CLANG_ENABLE_MODULES = YES;
				CLANG_ENABLE_OBJC_ARC = YES;
				CLANG_ENABLE_OBJC_WEAK = YES;
				CLANG_WARN_BLOCK_CAPTURE_AUTORELEASING = YES;
				CLANG_WARN_BOOL_CONVERSION = YES;
				CLANG_WARN_COMMA = YES;
				CLANG_WARN_CONSTANT_CONVERSION = YES;
				CLANG_WARN_DEPRECATED_OBJC_IMPLEMENTATIONS = YES;
				CLANG_WARN_DIRECT_OBJC_ISA_USAGE = YES_ERROR;
				CLANG_WARN_DOCUMENTATION_COMMENTS = YES;
				CLANG_WARN_EMPTY_BODY = YES;
				CLANG_WARN_ENUM_CONVERSION = YES;
				CLANG_WARN_INFINITE_RECURSION = YES;
				CLANG_WARN_INT_CONVERSION = YES;
				CLANG_WARN_NON_LITERAL_NULL_CONVERSION = YES;
				CLANG_WARN_OBJC_IMPLICIT_RETAIN_SELF = YES;
				CLANG_WARN_OBJC_LITERAL_CONVERSION = YES;
				CLANG_WARN_OBJC_ROOT_CLASS = YES_ERROR;
				CLANG_WARN_QUOTED_INCLUDE_IN_FRAMEWORK_HEADER = YES;
				CLANG_WARN_RANGE_LOOP_ANALYSIS = YES;
				CLANG_WARN_STRICT_PROTOTYPES = YES;
				CLANG_WARN_SUSPICIOUS_MOVE = YES;
				CLANG_WARN_UNGUARDED_AVAILABILITY = YES_AGGRESSIVE;
				CLANG_WARN_UNREACHABLE_CODE = YES;
				CLANG_WARN__DUPLICATE_METHOD_MATCH = YES;
				COPY_PHASE_STRIP = NO;
				DEBUG_INFORMATION_FORMAT = "dwarf-with-dsym";
				ENABLE_NS_ASSERTIONS = NO;
				ENABLE_STRICT_OBJC_MSGSEND = YES;
				GCC_C_LANGUAGE_STANDARD = gnu11;
				GCC_NO_COMMON_BLOCKS = YES;
				GCC_WARN_64_TO_32_BIT_CONVERSION = YES;
				GCC_WARN_ABOUT_RETURN_TYPE = YES_ERROR;
				GCC_WARN_UNDECLARED_SELECTOR = YES;
				GCC_WARN_UNINITIALIZED_AUTOS = YES_AGGRESSIVE;
				GCC_WARN_UNUSED_FUNCTION = YES;
				GCC_WARN_UNUSED_VARIABLE = YES;
				MACOSX_DEPLOYMENT_TARGET = 12.1;
				MTL_ENABLE_DEBUG_INFO = NO;
				MTL_FAST_MATH = YES;
				SDKROOT = macosx;
				SWIFT_COMPILATION_MODE = wholemodule;
				SWIFT_OPTIMIZATION_LEVEL = "-O";
			};
			name = Release;
		};
		1CC5D65627E26CA40023E526 /* Debug */ = {
			isa = XCBuildConfiguration;
			buildSettings = {
				ASSETCATALOG_COMPILER_APPICON_NAME = AppIcon;
				ASSETCATALOG_COMPILER_GLOBAL_ACCENT_COLOR_NAME = AccentColor;
				CODE_SIGN_ENTITLEMENTS = ZiPhone/ZiPhone.entitlements;
				CODE_SIGN_STYLE = Automatic;
				COMBINE_HIDPI_IMAGES = YES;
				CURRENT_PROJECT_VERSION = 1;
				DEVELOPMENT_TEAM = 54R6GPLKM4;
				ENABLE_HARDENED_RUNTIME = YES;
				GENERATE_INFOPLIST_FILE = YES;
				INFOPLIST_KEY_NSHumanReadableCopyright = "";
				INFOPLIST_KEY_NSMainStoryboardFile = Main;
				INFOPLIST_KEY_NSPrincipalClass = NSApplication;
				LD_RUNPATH_SEARCH_PATHS = (
					"$(inherited)",
					"@executable_path/../Frameworks",
				);
				MARKETING_VERSION = 1.0;
				PRODUCT_BUNDLE_IDENTIFIER = "Tech-Innovator.ZiPhone";
				PRODUCT_NAME = "$(TARGET_NAME)";
				SWIFT_EMIT_LOC_STRINGS = YES;
				SWIFT_VERSION = 5.0;
			};
			name = Debug;
		};
		1CC5D65727E26CA40023E526 /* Release */ = {
			isa = XCBuildConfiguration;
			buildSettings = {
				ASSETCATALOG_COMPILER_APPICON_NAME = AppIcon;
				ASSETCATALOG_COMPILER_GLOBAL_ACCENT_COLOR_NAME = AccentColor;
				CODE_SIGN_ENTITLEMENTS = ZiPhone/ZiPhone.entitlements;
				CODE_SIGN_STYLE = Automatic;
				COMBINE_HIDPI_IMAGES = YES;
				CURRENT_PROJECT_VERSION = 1;
				DEVELOPMENT_TEAM = 54R6GPLKM4;
				ENABLE_HARDENED_RUNTIME = YES;
				GENERATE_INFOPLIST_FILE = YES;
				INFOPLIST_KEY_NSHumanReadableCopyright = "";
				INFOPLIST_KEY_NSMainStoryboardFile = Main;
				INFOPLIST_KEY_NSPrincipalClass = NSApplication;
				LD_RUNPATH_SEARCH_PATHS = (
					"$(inherited)",
					"@executable_path/../Frameworks",
				);
				MARKETING_VERSION = 1.0;
				PRODUCT_BUNDLE_IDENTIFIER = "Tech-Innovator.ZiPhone";
				PRODUCT_NAME = "$(TARGET_NAME)";
				SWIFT_EMIT_LOC_STRINGS = YES;
				SWIFT_VERSION = 5.0;
			};
			name = Release;
		};
		1CC5D65927E26CA40023E526 /* Debug */ = {
			isa = XCBuildConfiguration;
			buildSettings = {
				ALWAYS_EMBED_SWIFT_STANDARD_LIBRARIES = YES;
				BUNDLE_LOADER = "$(TEST_HOST)";
				CODE_SIGN_STYLE = Automatic;
				CURRENT_PROJECT_VERSION = 1;
				DEVELOPMENT_TEAM = 54R6GPLKM4;
				GENERATE_INFOPLIST_FILE = YES;
				MACOSX_DEPLOYMENT_TARGET = 12.1;
				MARKETING_VERSION = 1.0;
				PRODUCT_BUNDLE_IDENTIFIER = "Tech-Innovator.ZiPhoneTests";
				PRODUCT_NAME = "$(TARGET_NAME)";
				SWIFT_EMIT_LOC_STRINGS = NO;
				SWIFT_VERSION = 5.0;
				TEST_HOST = "$(BUILT_PRODUCTS_DIR)/ZiPhone.app/Contents/MacOS/ZiPhone";
			};
			name = Debug;
		};
		1CC5D65A27E26CA40023E526 /* Release */ = {
			isa = XCBuildConfiguration;
			buildSettings = {
				ALWAYS_EMBED_SWIFT_STANDARD_LIBRARIES = YES;
				BUNDLE_LOADER = "$(TEST_HOST)";
				CODE_SIGN_STYLE = Automatic;
				CURRENT_PROJECT_VERSION = 1;
				DEVELOPMENT_TEAM = 54R6GPLKM4;
				GENERATE_INFOPLIST_FILE = YES;
				MACOSX_DEPLOYMENT_TARGET = 12.1;
				MARKETING_VERSION = 1.0;
				PRODUCT_BUNDLE_IDENTIFIER = "Tech-Innovator.ZiPhoneTests";
				PRODUCT_NAME = "$(TARGET_NAME)";
				SWIFT_EMIT_LOC_STRINGS = NO;
				SWIFT_VERSION = 5.0;
				TEST_HOST = "$(BUILT_PRODUCTS_DIR)/ZiPhone.app/Contents/MacOS/ZiPhone";
			};
			name = Release;
		};
		1CC5D65C27E26CA40023E526 /* Debug */ = {
			isa = XCBuildConfiguration;
			buildSettings = {
				ALWAYS_EMBED_SWIFT_STANDARD_LIBRARIES = YES;
				CODE_SIGN_STYLE = Automatic;
				CURRENT_PROJECT_VERSION = 1;
				DEVELOPMENT_TEAM = 54R6GPLKM4;
				GENERATE_INFOPLIST_FILE = YES;
				MARKETING_VERSION = 1.0;
				PRODUCT_BUNDLE_IDENTIFIER = "Tech-Innovator.ZiPhoneUITests";
				PRODUCT_NAME = "$(TARGET_NAME)";
				SWIFT_EMIT_LOC_STRINGS = NO;
				SWIFT_VERSION = 5.0;
				TEST_TARGET_NAME = ZiPhone;
			};
			name = Debug;
		};
		1CC5D65D27E26CA40023E526 /* Release */ = {
			isa = XCBuildConfiguration;
			buildSettings = {
				ALWAYS_EMBED_SWIFT_STANDARD_LIBRARIES = YES;
				CODE_SIGN_STYLE = Automatic;
				CURRENT_PROJECT_VERSION = 1;
				DEVELOPMENT_TEAM = 54R6GPLKM4;
				GENERATE_INFOPLIST_FILE = YES;
				MARKETING_VERSION = 1.0;
				PRODUCT_BUNDLE_IDENTIFIER = "Tech-Innovator.ZiPhoneUITests";
				PRODUCT_NAME = "$(TARGET_NAME)";
				SWIFT_EMIT_LOC_STRINGS = NO;
				SWIFT_VERSION = 5.0;
				TEST_TARGET_NAME = ZiPhone;
			};
			name = Release;
		};
/* End XCBuildConfiguration section */

/* Begin XCConfigurationList section */
		1CC5D62827E26CA10023E526 /* Build configuration list for PBXProject "ZiPhone" */ = {
			isa = XCConfigurationList;
			buildConfigurations = (
				1CC5D65327E26CA40023E526 /* Debug */,
				1CC5D65427E26CA40023E526 /* Release */,
			);
			defaultConfigurationIsVisible = 0;
			defaultConfigurationName = Release;
		};
		1CC5D65527E26CA40023E526 /* Build configuration list for PBXNativeTarget "ZiPhone" */ = {
			isa = XCConfigurationList;
			buildConfigurations = (
				1CC5D65627E26CA40023E526 /* Debug */,
				1CC5D65727E26CA40023E526 /* Release */,
			);
			defaultConfigurationIsVisible = 0;
			defaultConfigurationName = Release;
		};
		1CC5D65827E26CA40023E526 /* Build configuration list for PBXNativeTarget "ZiPhoneTests" */ = {
			isa = XCConfigurationList;
			buildConfigurations = (
				1CC5D65927E26CA40023E526 /* Debug */,
				1CC5D65A27E26CA40023E526 /* Release */,
			);
			defaultConfigurationIsVisible = 0;
			defaultConfigurationName = Release;
		};
		1CC5D65B27E26CA40023E526 /* Build configuration list for PBXNativeTarget "ZiPhoneUITests" */ = {
			isa = XCConfigurationList;
			buildConfigurations = (
				1CC5D65C27E26CA40023E526 /* Debug */,
				1CC5D65D27E26CA40023E526 /* Release */,
			);
			defaultConfigurationIsVisible = 0;
			defaultConfigurationName = Release;
		};
/* End XCConfigurationList section */

/* Begin XCVersionGroup section */
		1CC5D63427E26CA10023E526 /* ZiPhone.xcdatamodeld */ = {
			isa = XCVersionGroup;
			children = (
				1CC5D63527E26CA10023E526 /* ZiPhone.xcdatamodel */,
			);
			currentVersion = 1CC5D63527E26CA10023E526 /* ZiPhone.xcdatamodel */;
			path = ZiPhone.xcdatamodeld;
			sourceTree = "<group>";
			versionGroupType = wrapper.xcdatamodel;
		};
/* End XCVersionGroup section */
	};
	rootObject = 1CC5D62527E26CA10023E526 /* Project object */;
}
